
Microsoft Visual Studio Solution File, Format Version 12.00
# Visual Studio Version 17
VisualStudioVersion = 17.8.34330.188
MinimumVisualStudioVersion = 10.0.40219.1
Project("{FAE04EC0-301F-11D3-BF4B-00C04F79EFBC}") = "LoginRegisterLogout", "LoginRegisterLogout\LoginRegisterLogout.csproj", "{1BE1455D-D826-4DAB-8D7E-2AEB01AB2A57}"
EndProject
Global
	GlobalSection(SolutionConfigurationPlatforms) = preSolution
		Debug|Any CPU = Debug|Any CPU
		Release|Any CPU = Release|Any CPU
	EndGlobalSection
	GlobalSection(ProjectConfigurationPlatforms) = postSolution
		{1BE1455D-D826-4DAB-8D7E-2AEB01AB2A57}.Debug|Any CPU.ActiveCfg = Debug|Any CPU
		{1BE1455D-D826-4DAB-8D7E-2AEB01AB2A57}.Debug|Any CPU.Build.0 = Debug|Any CPU
		{1BE1455D-D826-4DAB-8D7E-2AEB01AB2A57}.Release|Any CPU.ActiveCfg = Release|Any CPU
		{1BE1455D-D826-4DAB-8D7E-2AEB01AB2A57}.Release|Any CPU.Build.0 = Release|Any CPU
	EndGlobalSection
	GlobalSection(SolutionProperties) = preSolution
		HideSolutionNode = FALSE
	EndGlobalSection
	GlobalSection(ExtensibilityGlobals) = postSolution
		SolutionGuid = {8BE0669C-F99B-4F44-90DC-9E8ABB56941B}
	EndGlobalSection
EndGlobal
